
Microsoft Visual Studio Solution File, Format Version 12.00
# Visual Studio Version 17
VisualStudioVersion = 17.9.34714.143
MinimumVisualStudioVersion = 10.0.40219.1
Project("{9A19103F-16F7-4668-BE54-9A1E7A4F7556}") = "WEBAPI", "WEBAPI\WEBAPI.csproj", "{3F822738-0239-41DB-862F-01586A8017E1}"
EndProject
Global
	GlobalSection(SolutionConfigurationPlatforms) = preSolution
		Debug|Any CPU = Debug|Any CPU
		Release|Any CPU = Release|Any CPU
	EndGlobalSection
	GlobalSection(ProjectConfigurationPlatforms) = postSolution
		{3F822738-0239-41DB-862F-01586A8017E1}.Debug|Any CPU.ActiveCfg = Debug|Any CPU
		{3F822738-0239-41DB-862F-01586A8017E1}.Debug|Any CPU.Build.0 = Debug|Any CPU
		{3F822738-0239-41DB-862F-01586A8017E1}.Release|Any CPU.ActiveCfg = Release|Any CPU
		{3F822738-0239-41DB-862F-01586A8017E1}.Release|Any CPU.Build.0 = Release|Any CPU
	EndGlobalSection
	GlobalSection(SolutionProperties) = preSolution
		HideSolutionNode = FALSE
	EndGlobalSection
	GlobalSection(ExtensibilityGlobals) = postSolution
		SolutionGuid = {C61537A4-FAA9-499D-A1A5-C2823631E620}
	EndGlobalSection
EndGlobal
